// !$*UTF8*$!
{
	archiveVersion = 1;
	classes = {
	};
	objectVersion = 46;
	objects = {

/* Begin PBXBuildFile section */
		7FA42736F75D068E1ACD8E48 /* Pods_baggio1.framework in Frameworks */ = {isa = PBXBuildFile; fileRef = 95E668335FF8F77F07432058 /* Pods_baggio1.framework */; };
		E93CD67F1EF812F800713C6C /* txt_0_0.txt in Resources */ = {isa = PBXBuildFile; fileRef = E93CD67E1EF812F800713C6C /* txt_0_0.txt */; };
		E94858DE1EF17662008F66C9 /* GoogleService-Info.plist in Resources */ = {isa = PBXBuildFile; fileRef = E94858DD1EF17662008F66C9 /* GoogleService-Info.plist */; };
		E95137AC1EEAD55A009E4856 /* baggioVC1.swift in Sources */ = {isa = PBXBuildFile; fileRef = E95137AB1EEAD55A009E4856 /* baggioVC1.swift */; };
		E98C9BB11EEED3E600BA78B2 /* baggioVC2.swift in Sources */ = {isa = PBXBuildFile; fileRef = E98C9BB01EEED3E600BA78B2 /* baggioVC2.swift */; };
		E9D47CDC1EE834BE0020755C /* buffon.jpg in Resources */ = {isa = PBXBuildFile; fileRef = E9D47CDB1EE834BE0020755C /* buffon.jpg */; };
		E9EE73801EDC5B8700479DCF /* AppDelegate.swift in Sources */ = {isa = PBXBuildFile; fileRef = E9EE737F1EDC5B8700479DCF /* AppDelegate.swift */; };
		E9EE73821EDC5B8700479DCF /* ViewController.swift in Sources */ = {isa = PBXBuildFile; fileRef = E9EE73811EDC5B8700479DCF /* ViewController.swift */; };
		E9EE73851EDC5B8700479DCF /* Main.storyboard in Resources */ = {isa = PBXBuildFile; fileRef = E9EE73831EDC5B8700479DCF /* Main.storyboard */; };
		E9EE73871EDC5B8700479DCF /* Assets.xcassets in Resources */ = {isa = PBXBuildFile; fileRef = E9EE73861EDC5B8700479DCF /* Assets.xcassets */; };
		E9EE738A1EDC5B8700479DCF /* LaunchScreen.storyboard in Resources */ = {isa = PBXBuildFile; fileRef = E9EE73881EDC5B8700479DCF /* LaunchScreen.storyboard */; };
/* End PBXBuildFile section */

/* Begin PBXFileReference section */
		71DE1E0B44E5E0A7E847AAC6 /* Pods-baggio1.release.xcconfig */ = {isa = PBXFileReference; includeInIndex = 1; lastKnownFileType = text.xcconfig; name = "Pods-baggio1.release.xcconfig"; path = "Pods/Target Support Files/Pods-baggio1/Pods-baggio1.release.xcconfig"; sourceTree = "<group>"; };
		95E668335FF8F77F07432058 /* Pods_baggio1.framework */ = {isa = PBXFileReference; explicitFileType = wrapper.framework; includeInIndex = 0; path = Pods_baggio1.framework; sourceTree = BUILT_PRODUCTS_DIR; };
		D3D62735363E9702765D9D38 /* Pods-baggio1.debug.xcconfig */ = {isa = PBXFileReference; includeInIndex = 1; lastKnownFileType = text.xcconfig; name = "Pods-baggio1.debug.xcconfig"; path = "Pods/Target Support Files/Pods-baggio1/Pods-baggio1.debug.xcconfig"; sourceTree = "<group>"; };
		E93CD67E1EF812F800713C6C /* txt_0_0.txt */ = {isa = PBXFileReference; fileEncoding = 4; lastKnownFileType = text; path = txt_0_0.txt; sourceTree = "<group>"; };
		E94858DD1EF17662008F66C9 /* GoogleService-Info.plist */ = {isa = PBXFileReference; fileEncoding = 4; lastKnownFileType = text.plist.xml; path = "GoogleService-Info.plist"; sourceTree = "<group>"; };
		E95137AB1EEAD55A009E4856 /* baggioVC1.swift */ = {isa = PBXFileReference; fileEncoding = 4; lastKnownFileType = sourcecode.swift; path = baggioVC1.swift; sourceTree = "<group>"; };
		E98C9BB01EEED3E600BA78B2 /* baggioVC2.swift */ = {isa = PBXFileReference; fileEncoding = 4; lastKnownFileType = sourcecode.swift; path = baggioVC2.swift; sourceTree = "<group>"; };
		E9D47CDB1EE834BE0020755C /* buffon.jpg */ = {isa = PBXFileReference; lastKnownFileType = image.jpeg; path = buffon.jpg; sourceTree = "<group>"; };
		E9EE737C1EDC5B8700479DCF /* baggio1.app */ = {isa = PBXFileReference; explicitFileType = wrapper.application; includeInIndex = 0; path = baggio1.app; sourceTree = BUILT_PRODUCTS_DIR; };
		E9EE737F1EDC5B8700479DCF /* AppDelegate.swift */ = {isa = PBXFileReference; lastKnownFileType = sourcecode.swift; path = AppDelegate.swift; sourceTree = "<group>"; };
		E9EE73811EDC5B8700479DCF /* ViewController.swift */ = {isa = PBXFileReference; lastKnownFileType = sourcecode.swift; path = ViewController.swift; sourceTree = "<group>"; };
		E9EE73841EDC5B8700479DCF /* Base */ = {isa = PBXFileReference; lastKnownFileType = file.storyboard; name = Base; path = Base.lproj/Main.storyboard; sourceTree = "<group>"; };
		E9EE73861EDC5B8700479DCF /* Assets.xcassets */ = {isa = PBXFileReference; lastKnownFileType = folder.assetcatalog; path = Assets.xcassets; sourceTree = "<group>"; };
		E9EE73891EDC5B8700479DCF /* Base */ = {isa = PBXFileReference; lastKnownFileType = file.storyboard; name = Base; path = Base.lproj/LaunchScreen.storyboard; sourceTree = "<group>"; };
		E9EE738B1EDC5B8700479DCF /* Info.plist */ = {isa = PBXFileReference; lastKnownFileType = text.plist.xml; path = Info.plist; sourceTree = "<group>"; };
/* End PBXFileReference section */

/* Begin PBXFrameworksBuildPhase section */
		E9EE73791EDC5B8700479DCF /* Frameworks */ = {
			isa = PBXFrameworksBuildPhase;
			buildActionMask = 2147483647;
			files = (
				7FA42736F75D068E1ACD8E48 /* Pods_baggio1.framework in Frameworks */,
			);
			runOnlyForDeploymentPostprocessing = 0;
		};
/* End PBXFrameworksBuildPhase section */

/* Begin PBXGroup section */
		41DDC7D849B0CF4D6897F558 /* Frameworks */ = {
			isa = PBXGroup;
			children = (
				95E668335FF8F77F07432058 /* Pods_baggio1.framework */,
			);
			name = Frameworks;
			sourceTree = "<group>";
		};
		B47D71254F8C6E5AF5C32950 /* Pods */ = {
			isa = PBXGroup;
			children = (
				D3D62735363E9702765D9D38 /* Pods-baggio1.debug.xcconfig */,
				71DE1E0B44E5E0A7E847AAC6 /* Pods-baggio1.release.xcconfig */,
			);
			name = Pods;
			sourceTree = "<group>";
		};
		E93CD67D1EF812DB00713C6C /* contents */ = {
			isa = PBXGroup;
			children = (
				E93CD67E1EF812F800713C6C /* txt_0_0.txt */,
			);
			path = contents;
			sourceTree = "<group>";
		};
		E9EE73731EDC5B8700479DCF = {
			isa = PBXGroup;
			children = (
				E9EE737E1EDC5B8700479DCF /* baggio1 */,
				E9EE737D1EDC5B8700479DCF /* Products */,
				B47D71254F8C6E5AF5C32950 /* Pods */,
				41DDC7D849B0CF4D6897F558 /* Frameworks */,
			);
			sourceTree = "<group>";
		};
		E9EE737D1EDC5B8700479DCF /* Products */ = {
			isa = PBXGroup;
			children = (
				E9EE737C1EDC5B8700479DCF /* baggio1.app */,
			);
			name = Products;
			sourceTree = "<group>";
		};
		E9EE737E1EDC5B8700479DCF /* baggio1 */ = {
			isa = PBXGroup;
			children = (
				E93CD67D1EF812DB00713C6C /* contents */,
				E94858DD1EF17662008F66C9 /* GoogleService-Info.plist */,
				E9D47CDB1EE834BE0020755C /* buffon.jpg */,
				E9EE737F1EDC5B8700479DCF /* AppDelegate.swift */,
				E9EE73811EDC5B8700479DCF /* ViewController.swift */,
				E9EE73831EDC5B8700479DCF /* Main.storyboard */,
				E9EE73861EDC5B8700479DCF /* Assets.xcassets */,
				E9EE73881EDC5B8700479DCF /* LaunchScreen.storyboard */,
				E9EE738B1EDC5B8700479DCF /* Info.plist */,
				E95137AB1EEAD55A009E4856 /* baggioVC1.swift */,
				E98C9BB01EEED3E600BA78B2 /* baggioVC2.swift */,
			);
			path = baggio1;
			sourceTree = "<group>";
		};
/* End PBXGroup section */

/* Begin PBXNativeTarget section */
		E9EE737B1EDC5B8700479DCF /* baggio1 */ = {
			isa = PBXNativeTarget;
			buildConfigurationList = E9EE738E1EDC5B8700479DCF /* Build configuration list for PBXNativeTarget "baggio1" */;
			buildPhases = (
				1E57D33772F4DFC78D43908A /* [CP] Check Pods Manifest.lock */,
				E9EE73781EDC5B8700479DCF /* Sources */,
				E9EE73791EDC5B8700479DCF /* Frameworks */,
				E9EE737A1EDC5B8700479DCF /* Resources */,
				A5DDF3490424102F288B70A4 /* [CP] Embed Pods Frameworks */,
				1711E5C0ECF192B6F6CF3CA0 /* [CP] Copy Pods Resources */,
			);
			buildRules = (
			);
			dependencies = (
			);
			name = baggio1;
			productName = baggio1;
			productReference = E9EE737C1EDC5B8700479DCF /* baggio1.app */;
			productType = "com.apple.product-type.application";
		};
/* End PBXNativeTarget section */

/* Begin PBXProject section */
		E9EE73741EDC5B8700479DCF /* Project object */ = {
			isa = PBXProject;
			attributes = {
				LastSwiftUpdateCheck = 0820;
				LastUpgradeCheck = 0820;
				ORGANIZATIONNAME = ios135;
				TargetAttributes = {
					E9EE737B1EDC5B8700479DCF = {
						CreatedOnToolsVersion = 8.2.1;
						ProvisioningStyle = Automatic;
					};
				};
			};
			buildConfigurationList = E9EE73771EDC5B8700479DCF /* Build configuration list for PBXProject "baggio1" */;
			compatibilityVersion = "Xcode 3.2";
			developmentRegion = English;
			hasScannedForEncodings = 0;
			knownRegions = (
				en,
				Base,
			);
			mainGroup = E9EE73731EDC5B8700479DCF;
			productRefGroup = E9EE737D1EDC5B8700479DCF /* Products */;
			projectDirPath = "";
			projectRoot = "";
			targets = (
				E9EE737B1EDC5B8700479DCF /* baggio1 */,
			);
		};
/* End PBXProject section */

/* Begin PBXResourcesBuildPhase section */
		E9EE737A1EDC5B8700479DCF /* Resources */ = {
			isa = PBXResourcesBuildPhase;
			buildActionMask = 2147483647;
			files = (
				E9D47CDC1EE834BE0020755C /* buffon.jpg in Resources */,
				E9EE738A1EDC5B8700479DCF /* LaunchScreen.storyboard in Resources */,
				E94858DE1EF17662008F66C9 /* GoogleService-Info.plist in Resources */,
				E9EE73871EDC5B8700479DCF /* Assets.xcassets in Resources */,
				E9EE73851EDC5B8700479DCF /* Main.storyboard in Resources */,
				E93CD67F1EF812F800713C6C /* txt_0_0.txt in Resources */,
			);
			runOnlyForDeploymentPostprocessing = 0;
		};
/* End PBXResourcesBuildPhase section */

/* Begin PBXShellScriptBuildPhase section */
		1711E5C0ECF192B6F6CF3CA0 /* [CP] Copy Pods Resources */ = {
			isa = PBXShellScriptBuildPhase;
			buildActionMask = 2147483647;
			files = (
			);
			inputPaths = (
			);
			name = "[CP] Copy Pods Resources";
			outputPaths = (
			);
			runOnlyForDeploymentPostprocessing = 0;
			shellPath = /bin/sh;
			shellScript = "\"${SRCROOT}/Pods/Target Support Files/Pods-baggio1/Pods-baggio1-resources.sh\"\n";
			showEnvVarsInLog = 0;
		};
		1E57D33772F4DFC78D43908A /* [CP] Check Pods Manifest.lock */ = {
			isa = PBXShellScriptBuildPhase;
			buildActionMask = 2147483647;
			files = (
			);
			inputPaths = (
			);
			name = "[CP] Check Pods Manifest.lock";
			outputPaths = (
			);
			runOnlyForDeploymentPostprocessing = 0;
			shellPath = /bin/sh;
			shellScript = "diff \"${PODS_PODFILE_DIR_PATH}/Podfile.lock\" \"${PODS_ROOT}/Manifest.lock\" > /dev/null\nif [ $? != 0 ] ; then\n    # print error to STDERR\n    echo \"error: The sandbox is not in sync with the Podfile.lock. Run 'pod install' or update your CocoaPods installation.\" >&2\n    exit 1\nfi\n";
			showEnvVarsInLog = 0;
		};
		A5DDF3490424102F288B70A4 /* [CP] Embed Pods Frameworks */ = {
			isa = PBXShellScriptBuildPhase;
			buildActionMask = 2147483647;
			files = (
			);
			inputPaths = (
			);
			name = "[CP] Embed Pods Frameworks";
			outputPaths = (
			);
			runOnlyForDeploymentPostprocessing = 0;
			shellPath = /bin/sh;
			shellScript = "\"${SRCROOT}/Pods/Target Support Files/Pods-baggio1/Pods-baggio1-frameworks.sh\"\n";
			showEnvVarsInLog = 0;
		};
/* End PBXShellScriptBuildPhase section */

/* Begin PBXSourcesBuildPhase section */
		E9EE73781EDC5B8700479DCF /* Sources */ = {
			isa = PBXSourcesBuildPhase;
			buildActionMask = 2147483647;
			files = (
				E9EE73821EDC5B8700479DCF /* ViewController.swift in Sources */,
				E9EE73801EDC5B8700479DCF /* AppDelegate.swift in Sources */,
				E98C9BB11EEED3E600BA78B2 /* baggioVC2.swift in Sources */,
				E95137AC1EEAD55A009E4856 /* baggioVC1.swift in Sources */,
			);
			runOnlyForDeploymentPostprocessing = 0;
		};
/* End PBXSourcesBuildPhase section */

/* Begin PBXVariantGroup section */
		E9EE73831EDC5B8700479DCF /* Main.storyboard */ = {
			isa = PBXVariantGroup;
			children = (
				E9EE73841EDC5B8700479DCF /* Base */,
			);
			name = Main.storyboard;
			sourceTree = "<group>";
		};
		E9EE73881EDC5B8700479DCF /* LaunchScreen.storyboard */ = {
			isa = PBXVariantGroup;
			children = (
				E9EE73891EDC5B8700479DCF /* Base */,
			);
			name = LaunchScreen.storyboard;
			sourceTree = "<group>";
		};
/* End PBXVariantGroup section */

/* Begin XCBuildConfiguration section */
		E9EE738C1EDC5B8700479DCF /* Debug */ = {
			isa = XCBuildConfiguration;
			buildSettings = {
				ALWAYS_SEARCH_USER_PATHS = NO;
				CLANG_ANALYZER_NONNULL = YES;
				CLANG_CXX_LANGUAGE_STANDARD = "gnu++0x";
				CLANG_CXX_LIBRARY = "libc++";
				CLANG_ENABLE_MODULES = YES;
				CLANG_ENABLE_OBJC_ARC = YES;
				CLANG_WARN_BOOL_CONVERSION = YES;
				CLANG_WARN_CONSTANT_CONVERSION = YES;
				CLANG_WARN_DIRECT_OBJC_ISA_USAGE = YES_ERROR;
				CLANG_WARN_DOCUMENTATION_COMMENTS = YES;
				CLANG_WARN_EMPTY_BODY = YES;
				CLANG_WARN_ENUM_CONVERSION = YES;
				CLANG_WARN_INFINITE_RECURSION = YES;
				CLANG_WARN_INT_CONVERSION = YES;
				CLANG_WARN_OBJC_ROOT_CLASS = YES_ERROR;
				CLANG_WARN_SUSPICIOUS_MOVE = YES;
				CLANG_WARN_UNREACHABLE_CODE = YES;
				CLANG_WARN__DUPLICATE_METHOD_MATCH = YES;
				"CODE_SIGN_IDENTITY[sdk=iphoneos*]" = "iPhone Developer";
				COPY_PHASE_STRIP = NO;
				DEBUG_INFORMATION_FORMAT = dwarf;
				ENABLE_STRICT_OBJC_MSGSEND = YES;
				ENABLE_TESTABILITY = YES;
				GCC_C_LANGUAGE_STANDARD = gnu99;
				GCC_DYNAMIC_NO_PIC = NO;
				GCC_NO_COMMON_BLOCKS = YES;
				GCC_OPTIMIZATION_LEVEL = 0;
				GCC_PREPROCESSOR_DEFINITIONS = (
					"DEBUG=1",
					"$(inherited)",
				);
				GCC_WARN_64_TO_32_BIT_CONVERSION = YES;
				GCC_WARN_ABOUT_RETURN_TYPE = YES_ERROR;
				GCC_WARN_UNDECLARED_SELECTOR = YES;
				GCC_WARN_UNINITIALIZED_AUTOS = YES_AGGRESSIVE;
				GCC_WARN_UNUSED_FUNCTION = YES;
				GCC_WARN_UNUSED_VARIABLE = YES;
				IPHONEOS_DEPLOYMENT_TARGET = 10.2;
				MTL_ENABLE_DEBUG_INFO = YES;
				ONLY_ACTIVE_ARCH = YES;
				SDKROOT = iphoneos;
				SWIFT_ACTIVE_COMPILATION_CONDITIONS = DEBUG;
				SWIFT_OPTIMIZATION_LEVEL = "-Onone";
			};
			name = Debug;
		};
		E9EE738D1EDC5B8700479DCF /* Release */ = {
			isa = XCBuildConfiguration;
			buildSettings = {
				ALWAYS_SEARCH_USER_PATHS = NO;
				CLANG_ANALYZER_NONNULL = YES;
				CLANG_CXX_LANGUAGE_STANDARD = "gnu++0x";
				CLANG_CXX_LIBRARY = "libc++";
				CLANG_ENABLE_MODULES = YES;
				CLANG_ENABLE_OBJC_ARC = YES;
				CLANG_WARN_BOOL_CONVERSION = YES;
				CLANG_WARN_CONSTANT_CONVERSION = YES;
				CLANG_WARN_DIRECT_OBJC_ISA_USAGE = YES_ERROR;
				CLANG_WARN_DOCUMENTATION_COMMENTS = YES;
				CLANG_WARN_EMPTY_BODY = YES;
				CLANG_WARN_ENUM_CONVERSION = YES;
				CLANG_WARN_INFINITE_RECURSION = YES;
				CLANG_WARN_INT_CONVERSION = YES;
				CLANG_WARN_OBJC_ROOT_CLASS = YES_ERROR;
				CLANG_WARN_SUSPICIOUS_MOVE = YES;
				CLANG_WARN_UNREACHABLE_CODE = YES;
				CLANG_WARN__DUPLICATE_METHOD_MATCH = YES;
				"CODE_SIGN_IDENTITY[sdk=iphoneos*]" = "iPhone Developer";
				COPY_PHASE_STRIP = NO;
				DEBUG_INFORMATION_FORMAT = "dwarf-with-dsym";
				ENABLE_NS_ASSERTIONS = NO;
				ENABLE_STRICT_OBJC_MSGSEND = YES;
				GCC_C_LANGUAGE_STANDARD = gnu99;
				GCC_NO_COMMON_BLOCKS = YES;
				GCC_WARN_64_TO_32_BIT_CONVERSION = YES;
				GCC_WARN_ABOUT_RETURN_TYPE = YES_ERROR;
				GCC_WARN_UNDECLARED_SELECTOR = YES;
				GCC_WARN_UNINITIALIZED_AUTOS = YES_AGGRESSIVE;
				GCC_WARN_UNUSED_FUNCTION = YES;
				GCC_WARN_UNUSED_VARIABLE = YES;
				IPHONEOS_DEPLOYMENT_TARGET = 10.2;
				MTL_ENABLE_DEBUG_INFO = NO;
				SDKROOT = iphoneos;
				SWIFT_OPTIMIZATION_LEVEL = "-Owholemodule";
				VALIDATE_PRODUCT = YES;
			};
			name = Release;
		};
		E9EE738F1EDC5B8700479DCF /* Debug */ = {
			isa = XCBuildConfiguration;
			baseConfigurationReference = D3D62735363E9702765D9D38 /* Pods-baggio1.debug.xcconfig */;
			buildSettings = {
				ASSETCATALOG_COMPILER_APPICON_NAME = AppIcon;
				INFOPLIST_FILE = baggio1/Info.plist;
				LD_RUNPATH_SEARCH_PATHS = "$(inherited) @executable_path/Frameworks";
				PRODUCT_BUNDLE_IDENTIFIER = liangshaochi.com.baggio1;
				PRODUCT_NAME = "$(TARGET_NAME)";
				SWIFT_VERSION = 3.0;
				TARGETED_DEVICE_FAMILY = 1;
			};
			name = Debug;
		};
		E9EE73901EDC5B8700479DCF /* Release */ = {
			isa = XCBuildConfiguration;
			baseConfigurationReference = 71DE1E0B44E5E0A7E847AAC6 /* Pods-baggio1.release.xcconfig */;
			buildSettings = {
				ASSETCATALOG_COMPILER_APPICON_NAME = AppIcon;
				INFOPLIST_FILE = baggio1/Info.plist;
				LD_RUNPATH_SEARCH_PATHS = "$(inherited) @executable_path/Frameworks";
				PRODUCT_BUNDLE_IDENTIFIER = liangshaochi.com.baggio1;
				PRODUCT_NAME = "$(TARGET_NAME)";
				SWIFT_VERSION = 3.0;
				TARGETED_DEVICE_FAMILY = 1;
			};
			name = Release;
		};
/* End XCBuildConfiguration section */

/* Begin XCConfigurationList section */
		E9EE73771EDC5B8700479DCF /* Build configuration list for PBXProject "baggio1" */ = {
			isa = XCConfigurationList;
			buildConfigurations = (
				E9EE738C1EDC5B8700479DCF /* Debug */,
				E9EE738D1EDC5B8700479DCF /* Release */,
			);
			defaultConfigurationIsVisible = 0;
			defaultConfigurationName = Release;
		};
		E9EE738E1EDC5B8700479DCF /* Build configuration list for PBXNativeTarget "baggio1" */ = {
			isa = XCConfigurationList;
			buildConfigurations = (
				E9EE738F1EDC5B8700479DCF /* Debug */,
				E9EE73901EDC5B8700479DCF /* Release */,
			);
			defaultConfigurationIsVisible = 0;
			defaultConfigurationName = Release;
		};
/* End XCConfigurationList section */
	};
	rootObject = E9EE73741EDC5B8700479DCF /* Project object */;
}
